// !$*UTF8*$!
{
	archiveVersion = 1;
	classes = {
	};
	objectVersion = 50;
	objects = {

/* Begin PBXBuildFile section */
		E24B5E9E26D4CB8300C0DFD3 /* AppDelegate.swift in Sources */ = {isa = PBXBuildFile; fileRef = E24B5E9D26D4CB8300C0DFD3 /* AppDelegate.swift */; };
		E24B5EA026D4CB8300C0DFD3 /* SceneDelegate.swift in Sources */ = {isa = PBXBuildFile; fileRef = E24B5E9F26D4CB8300C0DFD3 /* SceneDelegate.swift */; };
		E24B5EA226D4CB8300C0DFD3 /* ContentView.swift in Sources */ = {isa = PBXBuildFile; fileRef = E24B5EA126D4CB8300C0DFD3 /* ContentView.swift */; };
		E24B5EA426D4CB8500C0DFD3 /* Assets.xcassets in Resources */ = {isa = PBXBuildFile; fileRef = E24B5EA326D4CB8500C0DFD3 /* Assets.xcassets */; };
		E24B5EA726D4CB8500C0DFD3 /* Preview Assets.xcassets in Resources */ = {isa = PBXBuildFile; fileRef = E24B5EA626D4CB8500C0DFD3 /* Preview Assets.xcassets */; };
		E24B5EAA26D4CB8500C0DFD3 /* LaunchScreen.storyboard in Resources */ = {isa = PBXBuildFile; fileRef = E24B5EA826D4CB8500C0DFD3 /* LaunchScreen.storyboard */; };
		E24B5EB526D4CB8500C0DFD3 /* AuthenticationUITests.swift in Sources */ = {isa = PBXBuildFile; fileRef = E24B5EB426D4CB8500C0DFD3 /* AuthenticationUITests.swift */; };
		E24B5EC026D4CB8500C0DFD3 /* AuthenticationUIUITests.swift in Sources */ = {isa = PBXBuildFile; fileRef = E24B5EBF26D4CB8500C0DFD3 /* AuthenticationUIUITests.swift */; };
		E24B5ECF26D4CC6600C0DFD3 /* HomeView.swift in Sources */ = {isa = PBXBuildFile; fileRef = E24B5ECE26D4CC6600C0DFD3 /* HomeView.swift */; };
		E24B5ED126D4CCAA00C0DFD3 /* LoginView.swift in Sources */ = {isa = PBXBuildFile; fileRef = E24B5ED026D4CCAA00C0DFD3 /* LoginView.swift */; };
		E24B5ED326D4E18500C0DFD3 /* SignUpView.swift in Sources */ = {isa = PBXBuildFile; fileRef = E24B5ED226D4E18500C0DFD3 /* SignUpView.swift */; };
		E24B5ED526D4F28100C0DFD3 /* ErrorView.swift in Sources */ = {isa = PBXBuildFile; fileRef = E24B5ED426D4F28100C0DFD3 /* ErrorView.swift */; };
/* End PBXBuildFile section */

/* Begin PBXContainerItemProxy section */
		E24B5EB126D4CB8500C0DFD3 /* PBXContainerItemProxy */ = {
			isa = PBXContainerItemProxy;
			containerPortal = E24B5E9226D4CB8300C0DFD3 /* Project object */;
			proxyType = 1;
			remoteGlobalIDString = E24B5E9926D4CB8300C0DFD3;
			remoteInfo = AuthenticationUI;
		};
		E24B5EBC26D4CB8500C0DFD3 /* PBXContainerItemProxy */ = {
			isa = PBXContainerItemProxy;
			containerPortal = E24B5E9226D4CB8300C0DFD3 /* Project object */;
			proxyType = 1;
			remoteGlobalIDString = E24B5E9926D4CB8300C0DFD3;
			remoteInfo = AuthenticationUI;
		};
/* End PBXContainerItemProxy section */

/* Begin PBXFileReference section */
		E24B5E9A26D4CB8300C0DFD3 /* AuthenticationUI.app */ = {isa = PBXFileReference; explicitFileType = wrapper.application; includeInIndex = 0; path = AuthenticationUI.app; sourceTree = BUILT_PRODUCTS_DIR; };
		E24B5E9D26D4CB8300C0DFD3 /* AppDelegate.swift */ = {isa = PBXFileReference; lastKnownFileType = sourcecode.swift; path = AppDelegate.swift; sourceTree = "<group>"; };
		E24B5E9F26D4CB8300C0DFD3 /* SceneDelegate.swift */ = {isa = PBXFileReference; lastKnownFileType = sourcecode.swift; path = SceneDelegate.swift; sourceTree = "<group>"; };
		E24B5EA126D4CB8300C0DFD3 /* ContentView.swift */ = {isa = PBXFileReference; lastKnownFileType = sourcecode.swift; path = ContentView.swift; sourceTree = "<group>"; };
		E24B5EA326D4CB8500C0DFD3 /* Assets.xcassets */ = {isa = PBXFileReference; lastKnownFileType = folder.assetcatalog; path = Assets.xcassets; sourceTree = "<group>"; };
		E24B5EA626D4CB8500C0DFD3 /* Preview Assets.xcassets */ = {isa = PBXFileReference; lastKnownFileType = folder.assetcatalog; path = "Preview Assets.xcassets"; sourceTree = "<group>"; };
		E24B5EA926D4CB8500C0DFD3 /* Base */ = {isa = PBXFileReference; lastKnownFileType = file.storyboard; name = Base; path = Base.lproj/LaunchScreen.storyboard; sourceTree = "<group>"; };
		E24B5EAB26D4CB8500C0DFD3 /* Info.plist */ = {isa = PBXFileReference; lastKnownFileType = text.plist.xml; path = Info.plist; sourceTree = "<group>"; };
		E24B5EB026D4CB8500C0DFD3 /* AuthenticationUITests.xctest */ = {isa = PBXFileReference; explicitFileType = wrapper.cfbundle; includeInIndex = 0; path = AuthenticationUITests.xctest; sourceTree = BUILT_PRODUCTS_DIR; };
		E24B5EB426D4CB8500C0DFD3 /* AuthenticationUITests.swift */ = {isa = PBXFileReference; lastKnownFileType = sourcecode.swift; path = AuthenticationUITests.swift; sourceTree = "<group>"; };
		E24B5EB626D4CB8500C0DFD3 /* Info.plist */ = {isa = PBXFileReference; lastKnownFileType = text.plist.xml; path = Info.plist; sourceTree = "<group>"; };
		E24B5EBB26D4CB8500C0DFD3 /* AuthenticationUIUITests.xctest */ = {isa = PBXFileReference; explicitFileType = wrapper.cfbundle; includeInIndex = 0; path = AuthenticationUIUITests.xctest; sourceTree = BUILT_PRODUCTS_DIR; };
		E24B5EBF26D4CB8500C0DFD3 /* AuthenticationUIUITests.swift */ = {isa = PBXFileReference; lastKnownFileType = sourcecode.swift; path = AuthenticationUIUITests.swift; sourceTree = "<group>"; };
		E24B5EC126D4CB8500C0DFD3 /* Info.plist */ = {isa = PBXFileReference; lastKnownFileType = text.plist.xml; path = Info.plist; sourceTree = "<group>"; };
		E24B5ECE26D4CC6600C0DFD3 /* HomeView.swift */ = {isa = PBXFileReference; lastKnownFileType = sourcecode.swift; path = HomeView.swift; sourceTree = "<group>"; };
		E24B5ED026D4CCAA00C0DFD3 /* LoginView.swift */ = {isa = PBXFileReference; lastKnownFileType = sourcecode.swift; path = LoginView.swift; sourceTree = "<group>"; };
		E24B5ED226D4E18500C0DFD3 /* SignUpView.swift */ = {isa = PBXFileReference; lastKnownFileType = sourcecode.swift; path = SignUpView.swift; sourceTree = "<group>"; };
		E24B5ED426D4F28100C0DFD3 /* ErrorView.swift */ = {isa = PBXFileReference; lastKnownFileType = sourcecode.swift; path = ErrorView.swift; sourceTree = "<group>"; };
/* End PBXFileReference section */

/* Begin PBXFrameworksBuildPhase section */
		E24B5E9726D4CB8300C0DFD3 /* Frameworks */ = {
			isa = PBXFrameworksBuildPhase;
			buildActionMask = 2147483647;
			files = (
			);
			runOnlyForDeploymentPostprocessing = 0;
		};
		E24B5EAD26D4CB8500C0DFD3 /* Frameworks */ = {
			isa = PBXFrameworksBuildPhase;
			buildActionMask = 2147483647;
			files = (
			);
			runOnlyForDeploymentPostprocessing = 0;
		};
		E24B5EB826D4CB8500C0DFD3 /* Frameworks */ = {
			isa = PBXFrameworksBuildPhase;
			buildActionMask = 2147483647;
			files = (
			);
			runOnlyForDeploymentPostprocessing = 0;
		};
/* End PBXFrameworksBuildPhase section */

/* Begin PBXGroup section */
		E24B5E9126D4CB8300C0DFD3 = {
			isa = PBXGroup;
			children = (
				E24B5E9C26D4CB8300C0DFD3 /* AuthenticationUI */,
				E24B5EB326D4CB8500C0DFD3 /* AuthenticationUITests */,
				E24B5EBE26D4CB8500C0DFD3 /* AuthenticationUIUITests */,
				E24B5E9B26D4CB8300C0DFD3 /* Products */,
			);
			sourceTree = "<group>";
		};
		E24B5E9B26D4CB8300C0DFD3 /* Products */ = {
			isa = PBXGroup;
			children = (
				E24B5E9A26D4CB8300C0DFD3 /* AuthenticationUI.app */,
				E24B5EB026D4CB8500C0DFD3 /* AuthenticationUITests.xctest */,
				E24B5EBB26D4CB8500C0DFD3 /* AuthenticationUIUITests.xctest */,
			);
			name = Products;
			sourceTree = "<group>";
		};
		E24B5E9C26D4CB8300C0DFD3 /* AuthenticationUI */ = {
			isa = PBXGroup;
			children = (
				E24B5ECD26D4CC5600C0DFD3 /* Views */,
				E24B5E9D26D4CB8300C0DFD3 /* AppDelegate.swift */,
				E24B5E9F26D4CB8300C0DFD3 /* SceneDelegate.swift */,
				E24B5EA126D4CB8300C0DFD3 /* ContentView.swift */,
				E24B5EA326D4CB8500C0DFD3 /* Assets.xcassets */,
				E24B5EA826D4CB8500C0DFD3 /* LaunchScreen.storyboard */,
				E24B5EAB26D4CB8500C0DFD3 /* Info.plist */,
				E24B5EA526D4CB8500C0DFD3 /* Preview Content */,
			);
			path = AuthenticationUI;
			sourceTree = "<group>";
		};
		E24B5EA526D4CB8500C0DFD3 /* Preview Content */ = {
			isa = PBXGroup;
			children = (
				E24B5EA626D4CB8500C0DFD3 /* Preview Assets.xcassets */,
			);
			path = "Preview Content";
			sourceTree = "<group>";
		};
		E24B5EB326D4CB8500C0DFD3 /* AuthenticationUITests */ = {
			isa = PBXGroup;
			children = (
				E24B5EB426D4CB8500C0DFD3 /* AuthenticationUITests.swift */,
				E24B5EB626D4CB8500C0DFD3 /* Info.plist */,
			);
			path = AuthenticationUITests;
			sourceTree = "<group>";
		};
		E24B5EBE26D4CB8500C0DFD3 /* AuthenticationUIUITests */ = {
			isa = PBXGroup;
			children = (
				E24B5EBF26D4CB8500C0DFD3 /* AuthenticationUIUITests.swift */,
				E24B5EC126D4CB8500C0DFD3 /* Info.plist */,
			);
			path = AuthenticationUIUITests;
			sourceTree = "<group>";
		};
		E24B5ECD26D4CC5600C0DFD3 /* Views */ = {
			isa = PBXGroup;
			children = (
				E24B5ECE26D4CC6600C0DFD3 /* HomeView.swift */,
				E24B5ED026D4CCAA00C0DFD3 /* LoginView.swift */,
				E24B5ED226D4E18500C0DFD3 /* SignUpView.swift */,
				E24B5ED426D4F28100C0DFD3 /* ErrorView.swift */,
			);
			path = Views;
			sourceTree = "<group>";
		};
/* End PBXGroup section */

/* Begin PBXNativeTarget section */
		E24B5E9926D4CB8300C0DFD3 /* AuthenticationUI */ = {
			isa = PBXNativeTarget;
			buildConfigurationList = E24B5EC426D4CB8500C0DFD3 /* Build configuration list for PBXNativeTarget "AuthenticationUI" */;
			buildPhases = (
				E24B5E9626D4CB8300C0DFD3 /* Sources */,
				E24B5E9726D4CB8300C0DFD3 /* Frameworks */,
				E24B5E9826D4CB8300C0DFD3 /* Resources */,
			);
			buildRules = (
			);
			dependencies = (
			);
			name = AuthenticationUI;
			productName = AuthenticationUI;
			productReference = E24B5E9A26D4CB8300C0DFD3 /* AuthenticationUI.app */;
			productType = "com.apple.product-type.application";
		};
		E24B5EAF26D4CB8500C0DFD3 /* AuthenticationUITests */ = {
			isa = PBXNativeTarget;
			buildConfigurationList = E24B5EC726D4CB8500C0DFD3 /* Build configuration list for PBXNativeTarget "AuthenticationUITests" */;
			buildPhases = (
				E24B5EAC26D4CB8500C0DFD3 /* Sources */,
				E24B5EAD26D4CB8500C0DFD3 /* Frameworks */,
				E24B5EAE26D4CB8500C0DFD3 /* Resources */,
			);
			buildRules = (
			);
			dependencies = (
				E24B5EB226D4CB8500C0DFD3 /* PBXTargetDependency */,
			);
			name = AuthenticationUITests;
			productName = AuthenticationUITests;
			productReference = E24B5EB026D4CB8500C0DFD3 /* AuthenticationUITests.xctest */;
			productType = "com.apple.product-type.bundle.unit-test";
		};
		E24B5EBA26D4CB8500C0DFD3 /* AuthenticationUIUITests */ = {
			isa = PBXNativeTarget;
			buildConfigurationList = E24B5ECA26D4CB8500C0DFD3 /* Build configuration list for PBXNativeTarget "AuthenticationUIUITests" */;
			buildPhases = (
				E24B5EB726D4CB8500C0DFD3 /* Sources */,
				E24B5EB826D4CB8500C0DFD3 /* Frameworks */,
				E24B5EB926D4CB8500C0DFD3 /* Resources */,
			);
			buildRules = (
			);
			dependencies = (
				E24B5EBD26D4CB8500C0DFD3 /* PBXTargetDependency */,
			);
			name = AuthenticationUIUITests;
			productName = AuthenticationUIUITests;
			productReference = E24B5EBB26D4CB8500C0DFD3 /* AuthenticationUIUITests.xctest */;
			productType = "com.apple.product-type.bundle.ui-testing";
		};
/* End PBXNativeTarget section */

/* Begin PBXProject section */
		E24B5E9226D4CB8300C0DFD3 /* Project object */ = {
			isa = PBXProject;
			attributes = {
				LastSwiftUpdateCheck = 1250;
				LastUpgradeCheck = 1250;
				TargetAttributes = {
					E24B5E9926D4CB8300C0DFD3 = {
						CreatedOnToolsVersion = 12.5.1;
					};
					E24B5EAF26D4CB8500C0DFD3 = {
						CreatedOnToolsVersion = 12.5.1;
						TestTargetID = E24B5E9926D4CB8300C0DFD3;
					};
					E24B5EBA26D4CB8500C0DFD3 = {
						CreatedOnToolsVersion = 12.5.1;
						TestTargetID = E24B5E9926D4CB8300C0DFD3;
					};
				};
			};
			buildConfigurationList = E24B5E9526D4CB8300C0DFD3 /* Build configuration list for PBXProject "AuthenticationUI" */;
			compatibilityVersion = "Xcode 9.3";
			developmentRegion = en;
			hasScannedForEncodings = 0;
			knownRegions = (
				en,
				Base,
			);
			mainGroup = E24B5E9126D4CB8300C0DFD3;
			productRefGroup = E24B5E9B26D4CB8300C0DFD3 /* Products */;
			projectDirPath = "";
			projectRoot = "";
			targets = (
				E24B5E9926D4CB8300C0DFD3 /* AuthenticationUI */,
				E24B5EAF26D4CB8500C0DFD3 /* AuthenticationUITests */,
				E24B5EBA26D4CB8500C0DFD3 /* AuthenticationUIUITests */,
			);
		};
/* End PBXProject section */

/* Begin PBXResourcesBuildPhase section */
		E24B5E9826D4CB8300C0DFD3 /* Resources */ = {
			isa = PBXResourcesBuildPhase;
			buildActionMask = 2147483647;
			files = (
				E24B5EAA26D4CB8500C0DFD3 /* LaunchScreen.storyboard in Resources */,
				E24B5EA726D4CB8500C0DFD3 /* Preview Assets.xcassets in Resources */,
				E24B5EA426D4CB8500C0DFD3 /* Assets.xcassets in Resources */,
			);
			runOnlyForDeploymentPostprocessing = 0;
		};
		E24B5EAE26D4CB8500C0DFD3 /* Resources */ = {
			isa = PBXResourcesBuildPhase;
			buildActionMask = 2147483647;
			files = (
			);
			runOnlyForDeploymentPostprocessing = 0;
		};
		E24B5EB926D4CB8500C0DFD3 /* Resources */ = {
			isa = PBXResourcesBuildPhase;
			buildActionMask = 2147483647;
			files = (
			);
			runOnlyForDeploymentPostprocessing = 0;
		};
/* End PBXResourcesBuildPhase section */

/* Begin PBXSourcesBuildPhase section */
		E24B5E9626D4CB8300C0DFD3 /* Sources */ = {
			isa = PBXSourcesBuildPhase;
			buildActionMask = 2147483647;
			files = (
				E24B5E9E26D4CB8300C0DFD3 /* AppDelegate.swift in Sources */,
				E24B5ED326D4E18500C0DFD3 /* SignUpView.swift in Sources */,
				E24B5ED126D4CCAA00C0DFD3 /* LoginView.swift in Sources */,
				E24B5EA026D4CB8300C0DFD3 /* SceneDelegate.swift in Sources */,
				E24B5ED526D4F28100C0DFD3 /* ErrorView.swift in Sources */,
				E24B5ECF26D4CC6600C0DFD3 /* HomeView.swift in Sources */,
				E24B5EA226D4CB8300C0DFD3 /* ContentView.swift in Sources */,
			);
			runOnlyForDeploymentPostprocessing = 0;
		};
		E24B5EAC26D4CB8500C0DFD3 /* Sources */ = {
			isa = PBXSourcesBuildPhase;
			buildActionMask = 2147483647;
			files = (
				E24B5EB526D4CB8500C0DFD3 /* AuthenticationUITests.swift in Sources */,
			);
			runOnlyForDeploymentPostprocessing = 0;
		};
		E24B5EB726D4CB8500C0DFD3 /* Sources */ = {
			isa = PBXSourcesBuildPhase;
			buildActionMask = 2147483647;
			files = (
				E24B5EC026D4CB8500C0DFD3 /* AuthenticationUIUITests.swift in Sources */,
			);
			runOnlyForDeploymentPostprocessing = 0;
		};
/* End PBXSourcesBuildPhase section */

/* Begin PBXTargetDependency section */
		E24B5EB226D4CB8500C0DFD3 /* PBXTargetDependency */ = {
			isa = PBXTargetDependency;
			target = E24B5E9926D4CB8300C0DFD3 /* AuthenticationUI */;
			targetProxy = E24B5EB126D4CB8500C0DFD3 /* PBXContainerItemProxy */;
		};
		E24B5EBD26D4CB8500C0DFD3 /* PBXTargetDependency */ = {
			isa = PBXTargetDependency;
			target = E24B5E9926D4CB8300C0DFD3 /* AuthenticationUI */;
			targetProxy = E24B5EBC26D4CB8500C0DFD3 /* PBXContainerItemProxy */;
		};
/* End PBXTargetDependency section */

/* Begin PBXVariantGroup section */
		E24B5EA826D4CB8500C0DFD3 /* LaunchScreen.storyboard */ = {
			isa = PBXVariantGroup;
			children = (
				E24B5EA926D4CB8500C0DFD3 /* Base */,
			);
			name = LaunchScreen.storyboard;
			sourceTree = "<group>";
		};
/* End PBXVariantGroup section */

/* Begin XCBuildConfiguration section */
		E24B5EC226D4CB8500C0DFD3 /* Debug */ = {
			isa = XCBuildConfiguration;
			buildSettings = {
				ALWAYS_SEARCH_USER_PATHS = NO;
				CLANG_ANALYZER_NONNULL = YES;
				CLANG_ANALYZER_NUMBER_OBJECT_CONVERSION = YES_AGGRESSIVE;
				CLANG_CXX_LANGUAGE_STANDARD = "gnu++14";
				CLANG_CXX_LIBRARY = "libc++";
				CLANG_ENABLE_MODULES = YES;
				CLANG_ENABLE_OBJC_ARC = YES;
				CLANG_ENABLE_OBJC_WEAK = YES;
				CLANG_WARN_BLOCK_CAPTURE_AUTORELEASING = YES;
				CLANG_WARN_BOOL_CONVERSION = YES;
				CLANG_WARN_COMMA = YES;
				CLANG_WARN_CONSTANT_CONVERSION = YES;
				CLANG_WARN_DEPRECATED_OBJC_IMPLEMENTATIONS = YES;
				CLANG_WARN_DIRECT_OBJC_ISA_USAGE = YES_ERROR;
				CLANG_WARN_DOCUMENTATION_COMMENTS = YES;
				CLANG_WARN_EMPTY_BODY = YES;
				CLANG_WARN_ENUM_CONVERSION = YES;
				CLANG_WARN_INFINITE_RECURSION = YES;
				CLANG_WARN_INT_CONVERSION = YES;
				CLANG_WARN_NON_LITERAL_NULL_CONVERSION = YES;
				CLANG_WARN_OBJC_IMPLICIT_RETAIN_SELF = YES;
				CLANG_WARN_OBJC_LITERAL_CONVERSION = YES;
				CLANG_WARN_OBJC_ROOT_CLASS = YES_ERROR;
				CLANG_WARN_QUOTED_INCLUDE_IN_FRAMEWORK_HEADER = YES;
				CLANG_WARN_RANGE_LOOP_ANALYSIS = YES;
				CLANG_WARN_STRICT_PROTOTYPES = YES;
				CLANG_WARN_SUSPICIOUS_MOVE = YES;
				CLANG_WARN_UNGUARDED_AVAILABILITY = YES_AGGRESSIVE;
				CLANG_WARN_UNREACHABLE_CODE = YES;
				CLANG_WARN__DUPLICATE_METHOD_MATCH = YES;
				COPY_PHASE_STRIP = NO;
				DEBUG_INFORMATION_FORMAT = dwarf;
				ENABLE_STRICT_OBJC_MSGSEND = YES;
				ENABLE_TESTABILITY = YES;
				GCC_C_LANGUAGE_STANDARD = gnu11;
				GCC_DYNAMIC_NO_PIC = NO;
				GCC_NO_COMMON_BLOCKS = YES;
				GCC_OPTIMIZATION_LEVEL = 0;
				GCC_PREPROCESSOR_DEFINITIONS = (
					"DEBUG=1",
					"$(inherited)",
				);
				GCC_WARN_64_TO_32_BIT_CONVERSION = YES;
				GCC_WARN_ABOUT_RETURN_TYPE = YES_ERROR;
				GCC_WARN_UNDECLARED_SELECTOR = YES;
				GCC_WARN_UNINITIALIZED_AUTOS = YES_AGGRESSIVE;
				GCC_WARN_UNUSED_FUNCTION = YES;
				GCC_WARN_UNUSED_VARIABLE = YES;
				IPHONEOS_DEPLOYMENT_TARGET = 14.5;
				MTL_ENABLE_DEBUG_INFO = INCLUDE_SOURCE;
				MTL_FAST_MATH = YES;
				ONLY_ACTIVE_ARCH = YES;
				SDKROOT = iphoneos;
				SWIFT_ACTIVE_COMPILATION_CONDITIONS = DEBUG;
				SWIFT_OPTIMIZATION_LEVEL = "-Onone";
			};
			name = Debug;
		};
		E24B5EC326D4CB8500C0DFD3 /* Release */ = {
			isa = XCBuildConfiguration;
			buildSettings = {
				ALWAYS_SEARCH_USER_PATHS = NO;
				CLANG_ANALYZER_NONNULL = YES;
				CLANG_ANALYZER_NUMBER_OBJECT_CONVERSION = YES_AGGRESSIVE;
				CLANG_CXX_LANGUAGE_STANDARD = "gnu++14";
				CLANG_CXX_LIBRARY = "libc++";
				CLANG_ENABLE_MODULES = YES;
				CLANG_ENABLE_OBJC_ARC = YES;
				CLANG_ENABLE_OBJC_WEAK = YES;
				CLANG_WARN_BLOCK_CAPTURE_AUTORELEASING = YES;
				CLANG_WARN_BOOL_CONVERSION = YES;
				CLANG_WARN_COMMA = YES;
				CLANG_WARN_CONSTANT_CONVERSION = YES;
				CLANG_WARN_DEPRECATED_OBJC_IMPLEMENTATIONS = YES;
				CLANG_WARN_DIRECT_OBJC_ISA_USAGE = YES_ERROR;
				CLANG_WARN_DOCUMENTATION_COMMENTS = YES;
				CLANG_WARN_EMPTY_BODY = YES;
				CLANG_WARN_ENUM_CONVERSION = YES;
				CLANG_WARN_INFINITE_RECURSION = YES;
				CLANG_WARN_INT_CONVERSION = YES;
				CLANG_WARN_NON_LITERAL_NULL_CONVERSION = YES;
				CLANG_WARN_OBJC_IMPLICIT_RETAIN_SELF = YES;
				CLANG_WARN_OBJC_LITERAL_CONVERSION = YES;
				CLANG_WARN_OBJC_ROOT_CLASS = YES_ERROR;
				CLANG_WARN_QUOTED_INCLUDE_IN_FRAMEWORK_HEADER = YES;
				CLANG_WARN_RANGE_LOOP_ANALYSIS = YES;
				CLANG_WARN_STRICT_PROTOTYPES = YES;
				CLANG_WARN_SUSPICIOUS_MOVE = YES;
				CLANG_WARN_UNGUARDED_AVAILABILITY = YES_AGGRESSIVE;
				CLANG_WARN_UNREACHABLE_CODE = YES;
				CLANG_WARN__DUPLICATE_METHOD_MATCH = YES;
				COPY_PHASE_STRIP = NO;
				DEBUG_INFORMATION_FORMAT = "dwarf-with-dsym";
				ENABLE_NS_ASSERTIONS = NO;
				ENABLE_STRICT_OBJC_MSGSEND = YES;
				GCC_C_LANGUAGE_STANDARD = gnu11;
				GCC_NO_COMMON_BLOCKS = YES;
				GCC_WARN_64_TO_32_BIT_CONVERSION = YES;
				GCC_WARN_ABOUT_RETURN_TYPE = YES_ERROR;
				GCC_WARN_UNDECLARED_SELECTOR = YES;
				GCC_WARN_UNINITIALIZED_AUTOS = YES_AGGRESSIVE;
				GCC_WARN_UNUSED_FUNCTION = YES;
				GCC_WARN_UNUSED_VARIABLE = YES;
				IPHONEOS_DEPLOYMENT_TARGET = 14.5;
				MTL_ENABLE_DEBUG_INFO = NO;
				MTL_FAST_MATH = YES;
				SDKROOT = iphoneos;
				SWIFT_COMPILATION_MODE = wholemodule;
				SWIFT_OPTIMIZATION_LEVEL = "-O";
				VALIDATE_PRODUCT = YES;
			};
			name = Release;
		};
		E24B5EC526D4CB8500C0DFD3 /* Debug */ = {
			isa = XCBuildConfiguration;
			buildSettings = {
				ASSETCATALOG_COMPILER_APPICON_NAME = AppIcon;
				ASSETCATALOG_COMPILER_GLOBAL_ACCENT_COLOR_NAME = AccentColor;
				CODE_SIGN_STYLE = Automatic;
				DEVELOPMENT_ASSET_PATHS = "\"AuthenticationUI/Preview Content\"";
				DEVELOPMENT_TEAM = 934NVR3K3Z;
				ENABLE_PREVIEWS = YES;
				INFOPLIST_FILE = AuthenticationUI/Info.plist;
				LD_RUNPATH_SEARCH_PATHS = (
					"$(inherited)",
					"@executable_path/Frameworks",
				);
				PRODUCT_BUNDLE_IDENTIFIER = com.oscargarrucho.AuthenticationUI;
				PRODUCT_NAME = "$(TARGET_NAME)";
				SWIFT_VERSION = 5.0;
				TARGETED_DEVICE_FAMILY = "1,2";
			};
			name = Debug;
		};
		E24B5EC626D4CB8500C0DFD3 /* Release */ = {
			isa = XCBuildConfiguration;
			buildSettings = {
				ASSETCATALOG_COMPILER_APPICON_NAME = AppIcon;
				ASSETCATALOG_COMPILER_GLOBAL_ACCENT_COLOR_NAME = AccentColor;
				CODE_SIGN_STYLE = Automatic;
				DEVELOPMENT_ASSET_PATHS = "\"AuthenticationUI/Preview Content\"";
				DEVELOPMENT_TEAM = 934NVR3K3Z;
				ENABLE_PREVIEWS = YES;
				INFOPLIST_FILE = AuthenticationUI/Info.plist;
				LD_RUNPATH_SEARCH_PATHS = (
					"$(inherited)",
					"@executable_path/Frameworks",
				);
				PRODUCT_BUNDLE_IDENTIFIER = com.oscargarrucho.AuthenticationUI;
				PRODUCT_NAME = "$(TARGET_NAME)";
				SWIFT_VERSION = 5.0;
				TARGETED_DEVICE_FAMILY = "1,2";
			};
			name = Release;
		};
		E24B5EC826D4CB8500C0DFD3 /* Debug */ = {
			isa = XCBuildConfiguration;
			buildSettings = {
				ALWAYS_EMBED_SWIFT_STANDARD_LIBRARIES = YES;
				BUNDLE_LOADER = "$(TEST_HOST)";
				CODE_SIGN_STYLE = Automatic;
				DEVELOPMENT_TEAM = 934NVR3K3Z;
				INFOPLIST_FILE = AuthenticationUITests/Info.plist;
				IPHONEOS_DEPLOYMENT_TARGET = 14.5;
				LD_RUNPATH_SEARCH_PATHS = (
					"$(inherited)",
					"@executable_path/Frameworks",
					"@loader_path/Frameworks",
				);
				PRODUCT_BUNDLE_IDENTIFIER = com.oscargarrucho.AuthenticationUITests;
				PRODUCT_NAME = "$(TARGET_NAME)";
				SWIFT_VERSION = 5.0;
				TARGETED_DEVICE_FAMILY = "1,2";
				TEST_HOST = "$(BUILT_PRODUCTS_DIR)/AuthenticationUI.app/AuthenticationUI";
			};
			name = Debug;
		};
		E24B5EC926D4CB8500C0DFD3 /* Release */ = {
			isa = XCBuildConfiguration;
			buildSettings = {
				ALWAYS_EMBED_SWIFT_STANDARD_LIBRARIES = YES;
				BUNDLE_LOADER = "$(TEST_HOST)";
				CODE_SIGN_STYLE = Automatic;
				DEVELOPMENT_TEAM = 934NVR3K3Z;
				INFOPLIST_FILE = AuthenticationUITests/Info.plist;
				IPHONEOS_DEPLOYMENT_TARGET = 14.5;
				LD_RUNPATH_SEARCH_PATHS = (
					"$(inherited)",
					"@executable_path/Frameworks",
					"@loader_path/Frameworks",
				);
				PRODUCT_BUNDLE_IDENTIFIER = com.oscargarrucho.AuthenticationUITests;
				PRODUCT_NAME = "$(TARGET_NAME)";
				SWIFT_VERSION = 5.0;
				TARGETED_DEVICE_FAMILY = "1,2";
				TEST_HOST = "$(BUILT_PRODUCTS_DIR)/AuthenticationUI.app/AuthenticationUI";
			};
			name = Release;
		};
		E24B5ECB26D4CB8500C0DFD3 /* Debug */ = {
			isa = XCBuildConfiguration;
			buildSettings = {
				ALWAYS_EMBED_SWIFT_STANDARD_LIBRARIES = YES;
				CODE_SIGN_STYLE = Automatic;
				DEVELOPMENT_TEAM = 934NVR3K3Z;
				INFOPLIST_FILE = AuthenticationUIUITests/Info.plist;
				LD_RUNPATH_SEARCH_PATHS = (
					"$(inherited)",
					"@executable_path/Frameworks",
					"@loader_path/Frameworks",
				);
				PRODUCT_BUNDLE_IDENTIFIER = com.oscargarrucho.AuthenticationUIUITests;
				PRODUCT_NAME = "$(TARGET_NAME)";
				SWIFT_VERSION = 5.0;
				TARGETED_DEVICE_FAMILY = "1,2";
				TEST_TARGET_NAME = AuthenticationUI;
			};
			name = Debug;
		};
		E24B5ECC26D4CB8500C0DFD3 /* Release */ = {
			isa = XCBuildConfiguration;
			buildSettings = {
				ALWAYS_EMBED_SWIFT_STANDARD_LIBRARIES = YES;
				CODE_SIGN_STYLE = Automatic;
				DEVELOPMENT_TEAM = 934NVR3K3Z;
				INFOPLIST_FILE = AuthenticationUIUITests/Info.plist;
				LD_RUNPATH_SEARCH_PATHS = (
					"$(inherited)",
					"@executable_path/Frameworks",
					"@loader_path/Frameworks",
				);
				PRODUCT_BUNDLE_IDENTIFIER = com.oscargarrucho.AuthenticationUIUITests;
				PRODUCT_NAME = "$(TARGET_NAME)";
				SWIFT_VERSION = 5.0;
				TARGETED_DEVICE_FAMILY = "1,2";
				TEST_TARGET_NAME = AuthenticationUI;
			};
			name = Release;
		};
/* End XCBuildConfiguration section */

/* Begin XCConfigurationList section */
		E24B5E9526D4CB8300C0DFD3 /* Build configuration list for PBXProject "AuthenticationUI" */ = {
			isa = XCConfigurationList;
			buildConfigurations = (
				E24B5EC226D4CB8500C0DFD3 /* Debug */,
				E24B5EC326D4CB8500C0DFD3 /* Release */,
			);
			defaultConfigurationIsVisible = 0;
			defaultConfigurationName = Release;
		};
		E24B5EC426D4CB8500C0DFD3 /* Build configuration list for PBXNativeTarget "AuthenticationUI" */ = {
			isa = XCConfigurationList;
			buildConfigurations = (
				E24B5EC526D4CB8500C0DFD3 /* Debug */,
				E24B5EC626D4CB8500C0DFD3 /* Release */,
			);
			defaultConfigurationIsVisible = 0;
			defaultConfigurationName = Release;
		};
		E24B5EC726D4CB8500C0DFD3 /* Build configuration list for PBXNativeTarget "AuthenticationUITests" */ = {
			isa = XCConfigurationList;
			buildConfigurations = (
				E24B5EC826D4CB8500C0DFD3 /* Debug */,
				E24B5EC926D4CB8500C0DFD3 /* Release */,
			);
			defaultConfigurationIsVisible = 0;
			defaultConfigurationName = Release;
		};
		E24B5ECA26D4CB8500C0DFD3 /* Build configuration list for PBXNativeTarget "AuthenticationUIUITests" */ = {
			isa = XCConfigurationList;
			buildConfigurations = (
				E24B5ECB26D4CB8500C0DFD3 /* Debug */,
				E24B5ECC26D4CB8500C0DFD3 /* Release */,
			);
			defaultConfigurationIsVisible = 0;
			defaultConfigurationName = Release;
		};
/* End XCConfigurationList section */
	};
	rootObject = E24B5E9226D4CB8300C0DFD3 /* Project object */;
}
